// !$*UTF8*$!
{
	archiveVersion = 1;
	classes = {
	};
	objectVersion = 46;
	objects = {

/* Begin PBXBuildFile section */
		1A46E6A41D7D8AC000C11542 /* YSCNewVoiceWaveView.m in Sources */ = {isa = PBXBuildFile; fileRef = 1A46E6A31D7D8AC000C11542 /* YSCNewVoiceWaveView.m */; };
		1AD5515B1DD1D1F400B3EDCD /* sw3.gif in Resources */ = {isa = PBXBuildFile; fileRef = 1AD5515A1DD1D1F400B3EDCD /* sw3.gif */; };
		1AD551601DD1D27600B3EDCD /* YSCGifLoadImage.m in Sources */ = {isa = PBXBuildFile; fileRef = 1AD5515D1DD1D27600B3EDCD /* YSCGifLoadImage.m */; };
		1AD551611DD1D27600B3EDCD /* YSCGifLoadImageView.m in Sources */ = {isa = PBXBuildFile; fileRef = 1AD5515F1DD1D27600B3EDCD /* YSCGifLoadImageView.m */; };
		1AD551651DD1FBB700B3EDCD /* YSCHeartBeatPulseView.m in Sources */ = {isa = PBXBuildFile; fileRef = 1AD551641DD1FBB700B3EDCD /* YSCHeartBeatPulseView.m */; };
		1AEBED741E6599CB00539620 /* YSCLayerAnimationViewController.m in Sources */ = {isa = PBXBuildFile; fileRef = 1AEBED461E6599CB00539620 /* YSCLayerAnimationViewController.m */; };
		1AEBED751E6599CB00539620 /* YSCWaveAnimationViewController.m in Sources */ = {isa = PBXBuildFile; fileRef = 1AEBED491E6599CB00539620 /* YSCWaveAnimationViewController.m */; };
		1AEBED761E6599CB00539620 /* YSCButterflyViewController.m in Sources */ = {isa = PBXBuildFile; fileRef = 1AEBED4C1E6599CB00539620 /* YSCButterflyViewController.m */; };
		1AEBED771E6599CB00539620 /* YSCEmitterAnimationViewController.m in Sources */ = {isa = PBXBuildFile; fileRef = 1AEBED4E1E6599CB00539620 /* YSCEmitterAnimationViewController.m */; };
		1AEBED781E6599CB00539620 /* YSCFireViewController.m in Sources */ = {isa = PBXBuildFile; fileRef = 1AEBED501E6599CB00539620 /* YSCFireViewController.m */; };
		1AEBED791E6599CB00539620 /* YSCHeartBeatPulseViewController.m in Sources */ = {isa = PBXBuildFile; fileRef = 1AEBED531E6599CB00539620 /* YSCHeartBeatPulseViewController.m */; };
		1AEBED7A1E6599CB00539620 /* YSCloadGifViewController.m in Sources */ = {isa = PBXBuildFile; fileRef = 1AEBED561E6599CB00539620 /* YSCloadGifViewController.m */; };
		1AEBED7B1E6599CB00539620 /* YSCCircleLoadAnimationViewController.m in Sources */ = {isa = PBXBuildFile; fileRef = 1AEBED591E6599CB00539620 /* YSCCircleLoadAnimationViewController.m */; };
		1AEBED7C1E6599CB00539620 /* YSCFanshapedViewController.m in Sources */ = {isa = PBXBuildFile; fileRef = 1AEBED5B1E6599CB00539620 /* YSCFanshapedViewController.m */; };
		1AEBED7D1E6599CB00539620 /* YSCMaskAnimationViewController.m in Sources */ = {isa = PBXBuildFile; fileRef = 1AEBED5D1E6599CB00539620 /* YSCMaskAnimationViewController.m */; };
		1AEBED7E1E6599CB00539620 /* YSCMicrophoneWaveViewController.m in Sources */ = {isa = PBXBuildFile; fileRef = 1AEBED5F1E6599CB00539620 /* YSCMicrophoneWaveViewController.m */; };
		1AEBED7F1E6599CB00539620 /* YSCCircleReplicatorAnimationViewController.m in Sources */ = {isa = PBXBuildFile; fileRef = 1AEBED621E6599CB00539620 /* YSCCircleReplicatorAnimationViewController.m */; };
		1AEBED801E6599CB00539620 /* YSCCircleRippleViewController.m in Sources */ = {isa = PBXBuildFile; fileRef = 1AEBED641E6599CB00539620 /* YSCCircleRippleViewController.m */; };
		1AEBED811E6599CB00539620 /* YSCReplicatorAnimationViewController.m in Sources */ = {isa = PBXBuildFile; fileRef = 1AEBED661E6599CB00539620 /* YSCReplicatorAnimationViewController.m */; };
		1AEBED821E6599CB00539620 /* YSCRippleAnimationViewController.m in Sources */ = {isa = PBXBuildFile; fileRef = 1AEBED691E6599CB00539620 /* YSCRippleAnimationViewController.m */; };
		1AEBED831E6599CB00539620 /* YSCSeaWaterWaveViewController.m in Sources */ = {isa = PBXBuildFile; fileRef = 1AEBED6C1E6599CB00539620 /* YSCSeaWaterWaveViewController.m */; };
		1AEBED841E6599CB00539620 /* YSCVoiceWaveViewController.m in Sources */ = {isa = PBXBuildFile; fileRef = 1AEBED701E6599CB00539620 /* YSCVoiceWaveViewController.m */; };
		1AEBED851E6599CB00539620 /* YSCWaterWaveViewController.m in Sources */ = {isa = PBXBuildFile; fileRef = 1AEBED731E6599CB00539620 /* YSCWaterWaveViewController.m */; };
		1AEBED881E659A3400539620 /* YSCRefreshTableViewController.m in Sources */ = {isa = PBXBuildFile; fileRef = 1AEBED871E659A3400539620 /* YSCRefreshTableViewController.m */; };
		1AEBED8B1E659A7A00539620 /* YSCCarouselTitleViewController.m in Sources */ = {isa = PBXBuildFile; fileRef = 1AEBED8A1E659A7A00539620 /* YSCCarouselTitleViewController.m */; };
		1AEBED8F1E659B1A00539620 /* YSCCarouselTitleView.m in Sources */ = {isa = PBXBuildFile; fileRef = 1AEBED8E1E659B1A00539620 /* YSCCarouselTitleView.m */; };
		1AEBED9F1E659BD000539620 /* YSCTableRefreshCurveLayer.m in Sources */ = {isa = PBXBuildFile; fileRef = 1AEBED931E659BD000539620 /* YSCTableRefreshCurveLayer.m */; };
		1AEBEDA01E659BD000539620 /* YSCTableRefreshCurveView.m in Sources */ = {isa = PBXBuildFile; fileRef = 1AEBED951E659BD000539620 /* YSCTableRefreshCurveView.m */; };
		1AEBEDA11E659BD000539620 /* YSCTableRefreshLabelView.m in Sources */ = {isa = PBXBuildFile; fileRef = 1AEBED981E659BD000539620 /* YSCTableRefreshLabelView.m */; };
		1AEBEDA31E659BD000539620 /* YSCTableRefreshFooterView.m in Sources */ = {isa = PBXBuildFile; fileRef = 1AEBED9C1E659BD000539620 /* YSCTableRefreshFooterView.m */; };
		1AEBEDA41E659BD000539620 /* YSCTableRefreshHeaderView.m in Sources */ = {isa = PBXBuildFile; fileRef = 1AEBED9E1E659BD000539620 /* YSCTableRefreshHeaderView.m */; };
		1AEBEDA71E659EC400539620 /* UITableViewController+YSCRefresh.m in Sources */ = {isa = PBXBuildFile; fileRef = 1AEBEDA61E659EC400539620 /* UITableViewController+YSCRefresh.m */; };
		1AEBEDAA1E65AD1300539620 /* YSCGlobleMethod.m in Sources */ = {isa = PBXBuildFile; fileRef = 1AEBEDA91E65AD1300539620 /* YSCGlobleMethod.m */; };
		1AED83011D6A899B009A80CE /* main.m in Sources */ = {isa = PBXBuildFile; fileRef = 1AED83001D6A899B009A80CE /* main.m */; };
		1AED83041D6A899B009A80CE /* AppDelegate.m in Sources */ = {isa = PBXBuildFile; fileRef = 1AED83031D6A899B009A80CE /* AppDelegate.m */; };
		1AED83071D6A899B009A80CE /* ViewController.m in Sources */ = {isa = PBXBuildFile; fileRef = 1AED83061D6A899B009A80CE /* ViewController.m */; };
		1AED830A1D6A899B009A80CE /* Main.storyboard in Resources */ = {isa = PBXBuildFile; fileRef = 1AED83081D6A899B009A80CE /* Main.storyboard */; };
		1AED830C1D6A899B009A80CE /* Assets.xcassets in Resources */ = {isa = PBXBuildFile; fileRef = 1AED830B1D6A899B009A80CE /* Assets.xcassets */; };
		1AED830F1D6A899B009A80CE /* LaunchScreen.storyboard in Resources */ = {isa = PBXBuildFile; fileRef = 1AED830D1D6A899B009A80CE /* LaunchScreen.storyboard */; };
		1AED831A1D6A899B009A80CE /* YSCAnimationDemoTests.m in Sources */ = {isa = PBXBuildFile; fileRef = 1AED83191D6A899B009A80CE /* YSCAnimationDemoTests.m */; };
		1AED83251D6A899B009A80CE /* YSCAnimationDemoUITests.m in Sources */ = {isa = PBXBuildFile; fileRef = 1AED83241D6A899B009A80CE /* YSCAnimationDemoUITests.m */; };
		1AED83391D6A8AAF009A80CE /* YSCAnimationDemoViewController.m in Sources */ = {isa = PBXBuildFile; fileRef = 1AED83341D6A8AAF009A80CE /* YSCAnimationDemoViewController.m */; };
		1AED83C21D6D434A009A80CE /* circleBackground.png in Resources */ = {isa = PBXBuildFile; fileRef = 1AED83BD1D6D434A009A80CE /* circleBackground.png */; };
		1AED83C31D6D434A009A80CE /* fill.png in Resources */ = {isa = PBXBuildFile; fileRef = 1AED83BE1D6D434A009A80CE /* fill.png */; };
		1AED83C41D6D434A009A80CE /* firstLine.png in Resources */ = {isa = PBXBuildFile; fileRef = 1AED83BF1D6D434A009A80CE /* firstLine.png */; };
		1AED83C51D6D434A009A80CE /* maskImage.png in Resources */ = {isa = PBXBuildFile; fileRef = 1AED83C01D6D434A009A80CE /* maskImage.png */; };
		1AED83C61D6D434A009A80CE /* secondLine.png in Resources */ = {isa = PBXBuildFile; fileRef = 1AED83C11D6D434A009A80CE /* secondLine.png */; };
		1AED83CB1D6D43D4009A80CE /* YSCMicrophoneWaveView.m in Sources */ = {isa = PBXBuildFile; fileRef = 1AED83CA1D6D43D4009A80CE /* YSCMicrophoneWaveView.m */; };
		1AED83D01D6D4420009A80CE /* microPhone_bottom@2x.png in Resources */ = {isa = PBXBuildFile; fileRef = 1AED83CC1D6D4420009A80CE /* microPhone_bottom@2x.png */; };
		1AED83D11D6D4420009A80CE /* microPhone_bottom@3x.png in Resources */ = {isa = PBXBuildFile; fileRef = 1AED83CD1D6D4420009A80CE /* microPhone_bottom@3x.png */; };
		1AED83D21D6D4420009A80CE /* microPhone_top@2x.png in Resources */ = {isa = PBXBuildFile; fileRef = 1AED83CE1D6D4420009A80CE /* microPhone_top@2x.png */; };
		1AED83D31D6D4420009A80CE /* microPhone_top@3x.png in Resources */ = {isa = PBXBuildFile; fileRef = 1AED83CF1D6D4420009A80CE /* microPhone_top@3x.png */; };
		1AED83DA1D6D4482009A80CE /* YSCVoiceLoadingCircleView.m in Sources */ = {isa = PBXBuildFile; fileRef = 1AED83D51D6D4482009A80CE /* YSCVoiceLoadingCircleView.m */; };
		1AED83DB1D6D4482009A80CE /* YSCVoiceWaveView.m in Sources */ = {isa = PBXBuildFile; fileRef = 1AED83D71D6D4482009A80CE /* YSCVoiceWaveView.m */; };
		1AED83DC1D6D4482009A80CE /* YSCVolumeQueue.m in Sources */ = {isa = PBXBuildFile; fileRef = 1AED83D91D6D4482009A80CE /* YSCVolumeQueue.m */; };
		1AED83E11D6D8E02009A80CE /* YSCWaterWaveView.m in Sources */ = {isa = PBXBuildFile; fileRef = 1AED83E01D6D8E02009A80CE /* YSCWaterWaveView.m */; };
		1AED83EB1D6D9D10009A80CE /* SeaFragment.glsl in Resources */ = {isa = PBXBuildFile; fileRef = 1AED83E71D6D9D10009A80CE /* SeaFragment.glsl */; };
		1AED83EC1D6D9D10009A80CE /* SeaVertex.glsl in Resources */ = {isa = PBXBuildFile; fileRef = 1AED83E81D6D9D10009A80CE /* SeaVertex.glsl */; };
		1AED83ED1D6D9D10009A80CE /* YSCSeaGLView.m in Sources */ = {isa = PBXBuildFile; fileRef = 1AED83EA1D6D9D10009A80CE /* YSCSeaGLView.m */; };
		1AED83FD1D6DBBA7009A80CE /* YSCFanShapedView.m in Sources */ = {isa = PBXBuildFile; fileRef = 1AED83F81D6DBBA7009A80CE /* YSCFanShapedView.m */; };
		1AED83FE1D6DBBA7009A80CE /* YSCRippleView.m in Sources */ = {isa = PBXBuildFile; fileRef = 1AED83FB1D6DBBA7009A80CE /* YSCRippleView.m */; };
		1AED84021D6DBBCC009A80CE /* YSCWaveView.m in Sources */ = {isa = PBXBuildFile; fileRef = 1AED84011D6DBBCC009A80CE /* YSCWaveView.m */; };
		1AED84041D6DCE13009A80CE /* fanshaped.jpg in Resources */ = {isa = PBXBuildFile; fileRef = 1AED84031D6DCE13009A80CE /* fanshaped.jpg */; };
		1AED84081D6DD252009A80CE /* YSCCircleLoadAnimationView.m in Sources */ = {isa = PBXBuildFile; fileRef = 1AED84071D6DD252009A80CE /* YSCCircleLoadAnimationView.m */; };
		1AED841A1D6EDB03009A80CE /* fire.png in Resources */ = {isa = PBXBuildFile; fileRef = 1AED84191D6EDB03009A80CE /* fire.png */; };
		1AED841C1D6EE0FC009A80CE /* music.png in Resources */ = {isa = PBXBuildFile; fileRef = 1AED841B1D6EE0FC009A80CE /* music.png */; };
		1AED84281D6EE558009A80CE /* butterfly1.png in Resources */ = {isa = PBXBuildFile; fileRef = 1AED84261D6EE558009A80CE /* butterfly1.png */; };
		1AED84291D6EE558009A80CE /* butterfly2.png in Resources */ = {isa = PBXBuildFile; fileRef = 1AED84271D6EE558009A80CE /* butterfly2.png */; };
		E1660EC81D8D55BE008D3334 /* tree.jpg in Resources */ = {isa = PBXBuildFile; fileRef = E1660EC71D8D55BE008D3334 /* tree.jpg */; };
		E1B270371D72D89200A41480 /* YSCMatrixCircleAnimationView.m in Sources */ = {isa = PBXBuildFile; fileRef = E1B270361D72D89200A41480 /* YSCMatrixCircleAnimationView.m */; };
		E1B2703A1D72E83900A41480 /* YSCCircleRippleView.m in Sources */ = {isa = PBXBuildFile; fileRef = E1B270391D72E83900A41480 /* YSCCircleRippleView.m */; };
/* End PBXBuildFile section */

/* Begin PBXContainerItemProxy section */
		1AED83161D6A899B009A80CE /* PBXContainerItemProxy */ = {
			isa = PBXContainerItemProxy;
			containerPortal = 1AED82F41D6A899B009A80CE /* Project object */;
			proxyType = 1;
			remoteGlobalIDString = 1AED82FB1D6A899B009A80CE;
			remoteInfo = YSCAnimationDemo;
		};
		1AED83211D6A899B009A80CE /* PBXContainerItemProxy */ = {
			isa = PBXContainerItemProxy;
			containerPortal = 1AED82F41D6A899B009A80CE /* Project object */;
			proxyType = 1;
			remoteGlobalIDString = 1AED82FB1D6A899B009A80CE;
			remoteInfo = YSCAnimationDemo;
		};
/* End PBXContainerItemProxy section */

/* Begin PBXFileReference section */
		1A46E6A21D7D8AC000C11542 /* YSCNewVoiceWaveView.h */ = {isa = PBXFileReference; fileEncoding = 4; lastKnownFileType = sourcecode.c.h; name = YSCNewVoiceWaveView.h; path = voiceWave/YSCNewVoiceWaveView.h; sourceTree = "<group>"; };
		1A46E6A31D7D8AC000C11542 /* YSCNewVoiceWaveView.m */ = {isa = PBXFileReference; fileEncoding = 4; lastKnownFileType = sourcecode.c.objc; name = YSCNewVoiceWaveView.m; path = voiceWave/YSCNewVoiceWaveView.m; sourceTree = "<group>"; };
		1AD5515A1DD1D1F400B3EDCD /* sw3.gif */ = {isa = PBXFileReference; lastKnownFileType = image.gif; path = sw3.gif; sourceTree = "<group>"; };
		1AD5515C1DD1D27600B3EDCD /* YSCGifLoadImage.h */ = {isa = PBXFileReference; fileEncoding = 4; lastKnownFileType = sourcecode.c.h; path = YSCGifLoadImage.h; sourceTree = "<group>"; };
		1AD5515D1DD1D27600B3EDCD /* YSCGifLoadImage.m */ = {isa = PBXFileReference; fileEncoding = 4; lastKnownFileType = sourcecode.c.objc; path = YSCGifLoadImage.m; sourceTree = "<group>"; };
		1AD5515E1DD1D27600B3EDCD /* YSCGifLoadImageView.h */ = {isa = PBXFileReference; fileEncoding = 4; lastKnownFileType = sourcecode.c.h; path = YSCGifLoadImageView.h; sourceTree = "<group>"; };
		1AD5515F1DD1D27600B3EDCD /* YSCGifLoadImageView.m */ = {isa = PBXFileReference; fileEncoding = 4; lastKnownFileType = sourcecode.c.objc; path = YSCGifLoadImageView.m; sourceTree = "<group>"; };
		1AD551631DD1FBB700B3EDCD /* YSCHeartBeatPulseView.h */ = {isa = PBXFileReference; fileEncoding = 4; lastKnownFileType = sourcecode.c.h; path = YSCHeartBeatPulseView.h; sourceTree = "<group>"; };
		1AD551641DD1FBB700B3EDCD /* YSCHeartBeatPulseView.m */ = {isa = PBXFileReference; fileEncoding = 4; lastKnownFileType = sourcecode.c.objc; path = YSCHeartBeatPulseView.m; sourceTree = "<group>"; };
		1AEBED451E6599CB00539620 /* YSCLayerAnimationViewController.h */ = {isa = PBXFileReference; fileEncoding = 4; lastKnownFileType = sourcecode.c.h; path = YSCLayerAnimationViewController.h; sourceTree = "<group>"; };
		1AEBED461E6599CB00539620 /* YSCLayerAnimationViewController.m */ = {isa = PBXFileReference; fileEncoding = 4; lastKnownFileType = sourcecode.c.objc; path = YSCLayerAnimationViewController.m; sourceTree = "<group>"; };
		1AEBED481E6599CB00539620 /* YSCWaveAnimationViewController.h */ = {isa = PBXFileReference; fileEncoding = 4; lastKnownFileType = sourcecode.c.h; path = YSCWaveAnimationViewController.h; sourceTree = "<group>"; };
		1AEBED491E6599CB00539620 /* YSCWaveAnimationViewController.m */ = {isa = PBXFileReference; fileEncoding = 4; lastKnownFileType = sourcecode.c.objc; path = YSCWaveAnimationViewController.m; sourceTree = "<group>"; };
		1AEBED4B1E6599CB00539620 /* YSCButterflyViewController.h */ = {isa = PBXFileReference; fileEncoding = 4; lastKnownFileType = sourcecode.c.h; path = YSCButterflyViewController.h; sourceTree = "<group>"; };
		1AEBED4C1E6599CB00539620 /* YSCButterflyViewController.m */ = {isa = PBXFileReference; fileEncoding = 4; lastKnownFileType = sourcecode.c.objc; path = YSCButterflyViewController.m; sourceTree = "<group>"; };
		1AEBED4D1E6599CB00539620 /* YSCEmitterAnimationViewController.h */ = {isa = PBXFileReference; fileEncoding = 4; lastKnownFileType = sourcecode.c.h; path = YSCEmitterAnimationViewController.h; sourceTree = "<group>"; };
		1AEBED4E1E6599CB00539620 /* YSCEmitterAnimationViewController.m */ = {isa = PBXFileReference; fileEncoding = 4; lastKnownFileType = sourcecode.c.objc; path = YSCEmitterAnimationViewController.m; sourceTree = "<group>"; };
		1AEBED4F1E6599CB00539620 /* YSCFireViewController.h */ = {isa = PBXFileReference; fileEncoding = 4; lastKnownFileType = sourcecode.c.h; path = YSCFireViewController.h; sourceTree = "<group>"; };
		1AEBED501E6599CB00539620 /* YSCFireViewController.m */ = {isa = PBXFileReference; fileEncoding = 4; lastKnownFileType = sourcecode.c.objc; path = YSCFireViewController.m; sourceTree = "<group>"; };
		1AEBED521E6599CB00539620 /* YSCHeartBeatPulseViewController.h */ = {isa = PBXFileReference; fileEncoding = 4; lastKnownFileType = sourcecode.c.h; path = YSCHeartBeatPulseViewController.h; sourceTree = "<group>"; };
		1AEBED531E6599CB00539620 /* YSCHeartBeatPulseViewController.m */ = {isa = PBXFileReference; fileEncoding = 4; lastKnownFileType = sourcecode.c.objc; path = YSCHeartBeatPulseViewController.m; sourceTree = "<group>"; };
		1AEBED551E6599CB00539620 /* YSCloadGifViewController.h */ = {isa = PBXFileReference; fileEncoding = 4; lastKnownFileType = sourcecode.c.h; path = YSCloadGifViewController.h; sourceTree = "<group>"; };
		1AEBED561E6599CB00539620 /* YSCloadGifViewController.m */ = {isa = PBXFileReference; fileEncoding = 4; lastKnownFileType = sourcecode.c.objc; path = YSCloadGifViewController.m; sourceTree = "<group>"; };
		1AEBED581E6599CB00539620 /* YSCCircleLoadAnimationViewController.h */ = {isa = PBXFileReference; fileEncoding = 4; lastKnownFileType = sourcecode.c.h; path = YSCCircleLoadAnimationViewController.h; sourceTree = "<group>"; };
		1AEBED591E6599CB00539620 /* YSCCircleLoadAnimationViewController.m */ = {isa = PBXFileReference; fileEncoding = 4; lastKnownFileType = sourcecode.c.objc; path = YSCCircleLoadAnimationViewController.m; sourceTree = "<group>"; };
		1AEBED5A1E6599CB00539620 /* YSCFanshapedViewController.h */ = {isa = PBXFileReference; fileEncoding = 4; lastKnownFileType = sourcecode.c.h; path = YSCFanshapedViewController.h; sourceTree = "<group>"; };
		1AEBED5B1E6599CB00539620 /* YSCFanshapedViewController.m */ = {isa = PBXFileReference; fileEncoding = 4; lastKnownFileType = sourcecode.c.objc; path = YSCFanshapedViewController.m; sourceTree = "<group>"; };
		1AEBED5C1E6599CB00539620 /* YSCMaskAnimationViewController.h */ = {isa = PBXFileReference; fileEncoding = 4; lastKnownFileType = sourcecode.c.h; path = YSCMaskAnimationViewController.h; sourceTree = "<group>"; };
		1AEBED5D1E6599CB00539620 /* YSCMaskAnimationViewController.m */ = {isa = PBXFileReference; fileEncoding = 4; lastKnownFileType = sourcecode.c.objc; path = YSCMaskAnimationViewController.m; sourceTree = "<group>"; };
		1AEBED5E1E6599CB00539620 /* YSCMicrophoneWaveViewController.h */ = {isa = PBXFileReference; fileEncoding = 4; lastKnownFileType = sourcecode.c.h; path = YSCMicrophoneWaveViewController.h; sourceTree = "<group>"; };
		1AEBED5F1E6599CB00539620 /* YSCMicrophoneWaveViewController.m */ = {isa = PBXFileReference; fileEncoding = 4; lastKnownFileType = sourcecode.c.objc; path = YSCMicrophoneWaveViewController.m; sourceTree = "<group>"; };
		1AEBED611E6599CB00539620 /* YSCCircleReplicatorAnimationViewController.h */ = {isa = PBXFileReference; fileEncoding = 4; lastKnownFileType = sourcecode.c.h; path = YSCCircleReplicatorAnimationViewController.h; sourceTree = "<group>"; };
		1AEBED621E6599CB00539620 /* YSCCircleReplicatorAnimationViewController.m */ = {isa = PBXFileReference; fileEncoding = 4; lastKnownFileType = sourcecode.c.objc; path = YSCCircleReplicatorAnimationViewController.m; sourceTree = "<group>"; };
		1AEBED631E6599CB00539620 /* YSCCircleRippleViewController.h */ = {isa = PBXFileReference; fileEncoding = 4; lastKnownFileType = sourcecode.c.h; path = YSCCircleRippleViewController.h; sourceTree = "<group>"; };
		1AEBED641E6599CB00539620 /* YSCCircleRippleViewController.m */ = {isa = PBXFileReference; fileEncoding = 4; lastKnownFileType = sourcecode.c.objc; path = YSCCircleRippleViewController.m; sourceTree = "<group>"; };
		1AEBED651E6599CB00539620 /* YSCReplicatorAnimationViewController.h */ = {isa = PBXFileReference; fileEncoding = 4; lastKnownFileType = sourcecode.c.h; path = YSCReplicatorAnimationViewController.h; sourceTree = "<group>"; };
		1AEBED661E6599CB00539620 /* YSCReplicatorAnimationViewController.m */ = {isa = PBXFileReference; fileEncoding = 4; lastKnownFileType = sourcecode.c.objc; path = YSCReplicatorAnimationViewController.m; sourceTree = "<group>"; };
		1AEBED681E6599CB00539620 /* YSCRippleAnimationViewController.h */ = {isa = PBXFileReference; fileEncoding = 4; lastKnownFileType = sourcecode.c.h; path = YSCRippleAnimationViewController.h; sourceTree = "<group>"; };
		1AEBED691E6599CB00539620 /* YSCRippleAnimationViewController.m */ = {isa = PBXFileReference; fileEncoding = 4; lastKnownFileType = sourcecode.c.objc; path = YSCRippleAnimationViewController.m; sourceTree = "<group>"; };
		1AEBED6B1E6599CB00539620 /* YSCSeaWaterWaveViewController.h */ = {isa = PBXFileReference; fileEncoding = 4; lastKnownFileType = sourcecode.c.h; path = YSCSeaWaterWaveViewController.h; sourceTree = "<group>"; };
		1AEBED6C1E6599CB00539620 /* YSCSeaWaterWaveViewController.m */ = {isa = PBXFileReference; fileEncoding = 4; lastKnownFileType = sourcecode.c.objc; path = YSCSeaWaterWaveViewController.m; sourceTree = "<group>"; };
		1AEBED6F1E6599CB00539620 /* YSCVoiceWaveViewController.h */ = {isa = PBXFileReference; fileEncoding = 4; lastKnownFileType = sourcecode.c.h; path = YSCVoiceWaveViewController.h; sourceTree = "<group>"; };
		1AEBED701E6599CB00539620 /* YSCVoiceWaveViewController.m */ = {isa = PBXFileReference; fileEncoding = 4; lastKnownFileType = sourcecode.c.objc; path = YSCVoiceWaveViewController.m; sourceTree = "<group>"; };
		1AEBED721E6599CB00539620 /* YSCWaterWaveViewController.h */ = {isa = PBXFileReference; fileEncoding = 4; lastKnownFileType = sourcecode.c.h; path = YSCWaterWaveViewController.h; sourceTree = "<group>"; };
		1AEBED731E6599CB00539620 /* YSCWaterWaveViewController.m */ = {isa = PBXFileReference; fileEncoding = 4; lastKnownFileType = sourcecode.c.objc; path = YSCWaterWaveViewController.m; sourceTree = "<group>"; };
		1AEBED861E659A3400539620 /* YSCRefreshTableViewController.h */ = {isa = PBXFileReference; fileEncoding = 4; lastKnownFileType = sourcecode.c.h; path = YSCRefreshTableViewController.h; sourceTree = "<group>"; };
		1AEBED871E659A3400539620 /* YSCRefreshTableViewController.m */ = {isa = PBXFileReference; fileEncoding = 4; lastKnownFileType = sourcecode.c.objc; path = YSCRefreshTableViewController.m; sourceTree = "<group>"; };
		1AEBED891E659A7A00539620 /* YSCCarouselTitleViewController.h */ = {isa = PBXFileReference; fileEncoding = 4; lastKnownFileType = sourcecode.c.h; path = YSCCarouselTitleViewController.h; sourceTree = "<group>"; };
		1AEBED8A1E659A7A00539620 /* YSCCarouselTitleViewController.m */ = {isa = PBXFileReference; fileEncoding = 4; lastKnownFileType = sourcecode.c.objc; path = YSCCarouselTitleViewController.m; sourceTree = "<group>"; };
		1AEBED8D1E659B1A00539620 /* YSCCarouselTitleView.h */ = {isa = PBXFileReference; fileEncoding = 4; lastKnownFileType = sourcecode.c.h; path = YSCCarouselTitleView.h; sourceTree = "<group>"; };
		1AEBED8E1E659B1A00539620 /* YSCCarouselTitleView.m */ = {isa = PBXFileReference; fileEncoding = 4; lastKnownFileType = sourcecode.c.objc; path = YSCCarouselTitleView.m; sourceTree = "<group>"; };
		1AEBED921E659BD000539620 /* YSCTableRefreshCurveLayer.h */ = {isa = PBXFileReference; fileEncoding = 4; lastKnownFileType = sourcecode.c.h; path = YSCTableRefreshCurveLayer.h; sourceTree = "<group>"; };
		1AEBED931E659BD000539620 /* YSCTableRefreshCurveLayer.m */ = {isa = PBXFileReference; fileEncoding = 4; lastKnownFileType = sourcecode.c.objc; path = YSCTableRefreshCurveLayer.m; sourceTree = "<group>"; };
		1AEBED941E659BD000539620 /* YSCTableRefreshCurveView.h */ = {isa = PBXFileReference; fileEncoding = 4; lastKnownFileType = sourcecode.c.h; path = YSCTableRefreshCurveView.h; sourceTree = "<group>"; };
		1AEBED951E659BD000539620 /* YSCTableRefreshCurveView.m */ = {isa = PBXFileReference; fileEncoding = 4; lastKnownFileType = sourcecode.c.objc; path = YSCTableRefreshCurveView.m; sourceTree = "<group>"; };
		1AEBED971E659BD000539620 /* YSCTableRefreshLabelView.h */ = {isa = PBXFileReference; fileEncoding = 4; lastKnownFileType = sourcecode.c.h; path = YSCTableRefreshLabelView.h; sourceTree = "<group>"; };
		1AEBED981E659BD000539620 /* YSCTableRefreshLabelView.m */ = {isa = PBXFileReference; fileEncoding = 4; lastKnownFileType = sourcecode.c.objc; path = YSCTableRefreshLabelView.m; sourceTree = "<group>"; };
		1AEBED9B1E659BD000539620 /* YSCTableRefreshFooterView.h */ = {isa = PBXFileReference; fileEncoding = 4; lastKnownFileType = sourcecode.c.h; path = YSCTableRefreshFooterView.h; sourceTree = "<group>"; };
		1AEBED9C1E659BD000539620 /* YSCTableRefreshFooterView.m */ = {isa = PBXFileReference; fileEncoding = 4; lastKnownFileType = sourcecode.c.objc; path = YSCTableRefreshFooterView.m; sourceTree = "<group>"; };
		1AEBED9D1E659BD000539620 /* YSCTableRefreshHeaderView.h */ = {isa = PBXFileReference; fileEncoding = 4; lastKnownFileType = sourcecode.c.h; path = YSCTableRefreshHeaderView.h; sourceTree = "<group>"; };
		1AEBED9E1E659BD000539620 /* YSCTableRefreshHeaderView.m */ = {isa = PBXFileReference; fileEncoding = 4; lastKnownFileType = sourcecode.c.objc; path = YSCTableRefreshHeaderView.m; sourceTree = "<group>"; };
		1AEBEDA51E659EC400539620 /* UITableViewController+YSCRefresh.h */ = {isa = PBXFileReference; fileEncoding = 4; lastKnownFileType = sourcecode.c.h; path = "UITableViewController+YSCRefresh.h"; sourceTree = "<group>"; };
		1AEBEDA61E659EC400539620 /* UITableViewController+YSCRefresh.m */ = {isa = PBXFileReference; fileEncoding = 4; lastKnownFileType = sourcecode.c.objc; path = "UITableViewController+YSCRefresh.m"; sourceTree = "<group>"; };
		1AEBEDA81E65AD1300539620 /* YSCGlobleMethod.h */ = {isa = PBXFileReference; fileEncoding = 4; lastKnownFileType = sourcecode.c.h; path = YSCGlobleMethod.h; sourceTree = "<group>"; };
		1AEBEDA91E65AD1300539620 /* YSCGlobleMethod.m */ = {isa = PBXFileReference; fileEncoding = 4; lastKnownFileType = sourcecode.c.objc; path = YSCGlobleMethod.m; sourceTree = "<group>"; };
		1AEBEDAB1E665C9300539620 /* YSCAnimationDemoPrefixHeader.pch */ = {isa = PBXFileReference; fileEncoding = 4; lastKnownFileType = sourcecode.c.h; path = YSCAnimationDemoPrefixHeader.pch; sourceTree = "<group>"; };
		1AED82FC1D6A899B009A80CE /* YSCAnimationDemo.app */ = {isa = PBXFileReference; explicitFileType = wrapper.application; includeInIndex = 0; path = YSCAnimationDemo.app; sourceTree = BUILT_PRODUCTS_DIR; };
		1AED83001D6A899B009A80CE /* main.m */ = {isa = PBXFileReference; lastKnownFileType = sourcecode.c.objc; path = main.m; sourceTree = "<group>"; };
		1AED83021D6A899B009A80CE /* AppDelegate.h */ = {isa = PBXFileReference; lastKnownFileType = sourcecode.c.h; path = AppDelegate.h; sourceTree = "<group>"; };
		1AED83031D6A899B009A80CE /* AppDelegate.m */ = {isa = PBXFileReference; lastKnownFileType = sourcecode.c.objc; path = AppDelegate.m; sourceTree = "<group>"; };
		1AED83051D6A899B009A80CE /* ViewController.h */ = {isa = PBXFileReference; lastKnownFileType = sourcecode.c.h; path = ViewController.h; sourceTree = "<group>"; };
		1AED83061D6A899B009A80CE /* ViewController.m */ = {isa = PBXFileReference; lastKnownFileType = sourcecode.c.objc; path = ViewController.m; sourceTree = "<group>"; };
		1AED83091D6A899B009A80CE /* Base */ = {isa = PBXFileReference; lastKnownFileType = file.storyboard; name = Base; path = Base.lproj/Main.storyboard; sourceTree = "<group>"; };
		1AED830B1D6A899B009A80CE /* Assets.xcassets */ = {isa = PBXFileReference; lastKnownFileType = folder.assetcatalog; path = Assets.xcassets; sourceTree = "<group>"; };
		1AED830E1D6A899B009A80CE /* Base */ = {isa = PBXFileReference; lastKnownFileType = file.storyboard; name = Base; path = Base.lproj/LaunchScreen.storyboard; sourceTree = "<group>"; };
		1AED83101D6A899B009A80CE /* Info.plist */ = {isa = PBXFileReference; lastKnownFileType = text.plist.xml; path = Info.plist; sourceTree = "<group>"; };
		1AED83151D6A899B009A80CE /* YSCAnimationDemoTests.xctest */ = {isa = PBXFileReference; explicitFileType = wrapper.cfbundle; includeInIndex = 0; path = YSCAnimationDemoTests.xctest; sourceTree = BUILT_PRODUCTS_DIR; };
		1AED83191D6A899B009A80CE /* YSCAnimationDemoTests.m */ = {isa = PBXFileReference; lastKnownFileType = sourcecode.c.objc; path = YSCAnimationDemoTests.m; sourceTree = "<group>"; };
		1AED831B1D6A899B009A80CE /* Info.plist */ = {isa = PBXFileReference; lastKnownFileType = text.plist.xml; path = Info.plist; sourceTree = "<group>"; };
		1AED83201D6A899B009A80CE /* YSCAnimationDemoUITests.xctest */ = {isa = PBXFileReference; explicitFileType = wrapper.cfbundle; includeInIndex = 0; path = YSCAnimationDemoUITests.xctest; sourceTree = BUILT_PRODUCTS_DIR; };
		1AED83241D6A899B009A80CE /* YSCAnimationDemoUITests.m */ = {isa = PBXFileReference; lastKnownFileType = sourcecode.c.objc; path = YSCAnimationDemoUITests.m; sourceTree = "<group>"; };
		1AED83261D6A899B009A80CE /* Info.plist */ = {isa = PBXFileReference; lastKnownFileType = text.plist.xml; path = Info.plist; sourceTree = "<group>"; };
		1AED83331D6A8AAF009A80CE /* YSCAnimationDemoViewController.h */ = {isa = PBXFileReference; fileEncoding = 4; lastKnownFileType = sourcecode.c.h; path = YSCAnimationDemoViewController.h; sourceTree = "<group>"; };
		1AED83341D6A8AAF009A80CE /* YSCAnimationDemoViewController.m */ = {isa = PBXFileReference; fileEncoding = 4; lastKnownFileType = sourcecode.c.objc; path = YSCAnimationDemoViewController.m; sourceTree = "<group>"; };
		1AED83BD1D6D434A009A80CE /* circleBackground.png */ = {isa = PBXFileReference; lastKnownFileType = image.png; name = circleBackground.png; path = ../../../YSCAnimation/voiceWave/circleBackground.png; sourceTree = "<group>"; };
		1AED83BE1D6D434A009A80CE /* fill.png */ = {isa = PBXFileReference; lastKnownFileType = image.png; name = fill.png; path = ../../../YSCAnimation/voiceWave/fill.png; sourceTree = "<group>"; };
		1AED83BF1D6D434A009A80CE /* firstLine.png */ = {isa = PBXFileReference; lastKnownFileType = image.png; name = firstLine.png; path = ../../../YSCAnimation/voiceWave/firstLine.png; sourceTree = "<group>"; };
		1AED83C01D6D434A009A80CE /* maskImage.png */ = {isa = PBXFileReference; lastKnownFileType = image.png; name = maskImage.png; path = ../../../YSCAnimation/voiceWave/maskImage.png; sourceTree = "<group>"; };
		1AED83C11D6D434A009A80CE /* secondLine.png */ = {isa = PBXFileReference; lastKnownFileType = image.png; name = secondLine.png; path = ../../../YSCAnimation/voiceWave/secondLine.png; sourceTree = "<group>"; };
		1AED83C91D6D43D4009A80CE /* YSCMicrophoneWaveView.h */ = {isa = PBXFileReference; fileEncoding = 4; lastKnownFileType = sourcecode.c.h; name = YSCMicrophoneWaveView.h; path = microPhoneWave/YSCMicrophoneWaveView.h; sourceTree = "<group>"; };
		1AED83CA1D6D43D4009A80CE /* YSCMicrophoneWaveView.m */ = {isa = PBXFileReference; fileEncoding = 4; lastKnownFileType = sourcecode.c.objc; name = YSCMicrophoneWaveView.m; path = microPhoneWave/YSCMicrophoneWaveView.m; sourceTree = "<group>"; };
		1AED83CC1D6D4420009A80CE /* microPhone_bottom@2x.png */ = {isa = PBXFileReference; lastKnownFileType = image.png; name = "microPhone_bottom@2x.png"; path = "../../../YSCAnimation/microPhoneWave/microPhone_bottom@2x.png"; sourceTree = "<group>"; };
		1AED83CD1D6D4420009A80CE /* microPhone_bottom@3x.png */ = {isa = PBXFileReference; lastKnownFileType = image.png; name = "microPhone_bottom@3x.png"; path = "../../../YSCAnimation/microPhoneWave/microPhone_bottom@3x.png"; sourceTree = "<group>"; };
		1AED83CE1D6D4420009A80CE /* microPhone_top@2x.png */ = {isa = PBXFileReference; lastKnownFileType = image.png; name = "microPhone_top@2x.png"; path = "../../../YSCAnimation/microPhoneWave/microPhone_top@2x.png"; sourceTree = "<group>"; };
		1AED83CF1D6D4420009A80CE /* microPhone_top@3x.png */ = {isa = PBXFileReference; lastKnownFileType = image.png; name = "microPhone_top@3x.png"; path = "../../../YSCAnimation/microPhoneWave/microPhone_top@3x.png"; sourceTree = "<group>"; };
		1AED83D41D6D4482009A80CE /* YSCVoiceLoadingCircleView.h */ = {isa = PBXFileReference; fileEncoding = 4; lastKnownFileType = sourcecode.c.h; name = YSCVoiceLoadingCircleView.h; path = voiceWave/YSCVoiceLoadingCircleView.h; sourceTree = "<group>"; };
		1AED83D51D6D4482009A80CE /* YSCVoiceLoadingCircleView.m */ = {isa = PBXFileReference; fileEncoding = 4; lastKnownFileType = sourcecode.c.objc; name = YSCVoiceLoadingCircleView.m; path = voiceWave/YSCVoiceLoadingCircleView.m; sourceTree = "<group>"; };
		1AED83D61D6D4482009A80CE /* YSCVoiceWaveView.h */ = {isa = PBXFileReference; fileEncoding = 4; lastKnownFileType = sourcecode.c.h; name = YSCVoiceWaveView.h; path = voiceWave/YSCVoiceWaveView.h; sourceTree = "<group>"; };
		1AED83D71D6D4482009A80CE /* YSCVoiceWaveView.m */ = {isa = PBXFileReference; fileEncoding = 4; lastKnownFileType = sourcecode.c.objc; name = YSCVoiceWaveView.m; path = voiceWave/YSCVoiceWaveView.m; sourceTree = "<group>"; };
		1AED83D81D6D4482009A80CE /* YSCVolumeQueue.h */ = {isa = PBXFileReference; fileEncoding = 4; lastKnownFileType = sourcecode.c.h; name = YSCVolumeQueue.h; path = voiceWave/YSCVolumeQueue.h; sourceTree = "<group>"; };
		1AED83D91D6D4482009A80CE /* YSCVolumeQueue.m */ = {isa = PBXFileReference; fileEncoding = 4; lastKnownFileType = sourcecode.c.objc; name = YSCVolumeQueue.m; path = voiceWave/YSCVolumeQueue.m; sourceTree = "<group>"; };
		1AED83DF1D6D8E02009A80CE /* YSCWaterWaveView.h */ = {isa = PBXFileReference; fileEncoding = 4; lastKnownFileType = sourcecode.c.h; path = YSCWaterWaveView.h; sourceTree = "<group>"; };
		1AED83E01D6D8E02009A80CE /* YSCWaterWaveView.m */ = {isa = PBXFileReference; fileEncoding = 4; lastKnownFileType = sourcecode.c.objc; path = YSCWaterWaveView.m; sourceTree = "<group>"; };
		1AED83E71D6D9D10009A80CE /* SeaFragment.glsl */ = {isa = PBXFileReference; fileEncoding = 4; lastKnownFileType = text; path = SeaFragment.glsl; sourceTree = "<group>"; };
		1AED83E81D6D9D10009A80CE /* SeaVertex.glsl */ = {isa = PBXFileReference; fileEncoding = 4; lastKnownFileType = text; path = SeaVertex.glsl; sourceTree = "<group>"; };
		1AED83E91D6D9D10009A80CE /* YSCSeaGLView.h */ = {isa = PBXFileReference; fileEncoding = 4; lastKnownFileType = sourcecode.c.h; path = YSCSeaGLView.h; sourceTree = "<group>"; };
		1AED83EA1D6D9D10009A80CE /* YSCSeaGLView.m */ = {isa = PBXFileReference; fileEncoding = 4; lastKnownFileType = sourcecode.c.objc; path = YSCSeaGLView.m; sourceTree = "<group>"; };
		1AED83F71D6DBBA7009A80CE /* YSCFanShapedView.h */ = {isa = PBXFileReference; fileEncoding = 4; lastKnownFileType = sourcecode.c.h; path = YSCFanShapedView.h; sourceTree = "<group>"; };
		1AED83F81D6DBBA7009A80CE /* YSCFanShapedView.m */ = {isa = PBXFileReference; fileEncoding = 4; lastKnownFileType = sourcecode.c.objc; path = YSCFanShapedView.m; sourceTree = "<group>"; };
		1AED83FA1D6DBBA7009A80CE /* YSCRippleView.h */ = {isa = PBXFileReference; fileEncoding = 4; lastKnownFileType = sourcecode.c.h; path = YSCRippleView.h; sourceTree = "<group>"; };
		1AED83FB1D6DBBA7009A80CE /* YSCRippleView.m */ = {isa = PBXFileReference; fileEncoding = 4; lastKnownFileType = sourcecode.c.objc; path = YSCRippleView.m; sourceTree = "<group>"; };
		1AED84001D6DBBCC009A80CE /* YSCWaveView.h */ = {isa = PBXFileReference; fileEncoding = 4; lastKnownFileType = sourcecode.c.h; path = YSCWaveView.h; sourceTree = "<group>"; };
		1AED84011D6DBBCC009A80CE /* YSCWaveView.m */ = {isa = PBXFileReference; fileEncoding = 4; lastKnownFileType = sourcecode.c.objc; path = YSCWaveView.m; sourceTree = "<group>"; };
		1AED84031D6DCE13009A80CE /* fanshaped.jpg */ = {isa = PBXFileReference; lastKnownFileType = image.jpeg; name = fanshaped.jpg; path = ../../../YSCAnimation/fanshaped/fanshaped.jpg; sourceTree = "<group>"; };
		1AED84061D6DD252009A80CE /* YSCCircleLoadAnimationView.h */ = {isa = PBXFileReference; fileEncoding = 4; lastKnownFileType = sourcecode.c.h; path = YSCCircleLoadAnimationView.h; sourceTree = "<group>"; };
		1AED84071D6DD252009A80CE /* YSCCircleLoadAnimationView.m */ = {isa = PBXFileReference; fileEncoding = 4; lastKnownFileType = sourcecode.c.objc; path = YSCCircleLoadAnimationView.m; sourceTree = "<group>"; };
		1AED84191D6EDB03009A80CE /* fire.png */ = {isa = PBXFileReference; lastKnownFileType = image.png; path = fire.png; sourceTree = "<group>"; };
		1AED841B1D6EE0FC009A80CE /* music.png */ = {isa = PBXFileReference; lastKnownFileType = image.png; path = music.png; sourceTree = "<group>"; };
		1AED84261D6EE558009A80CE /* butterfly1.png */ = {isa = PBXFileReference; lastKnownFileType = image.png; path = butterfly1.png; sourceTree = "<group>"; };
		1AED84271D6EE558009A80CE /* butterfly2.png */ = {isa = PBXFileReference; lastKnownFileType = image.png; path = butterfly2.png; sourceTree = "<group>"; };
		E1660EC71D8D55BE008D3334 /* tree.jpg */ = {isa = PBXFileReference; lastKnownFileType = image.jpeg; path = tree.jpg; sourceTree = "<group>"; };
		E1B270351D72D89200A41480 /* YSCMatrixCircleAnimationView.h */ = {isa = PBXFileReference; fileEncoding = 4; lastKnownFileType = sourcecode.c.h; path = YSCMatrixCircleAnimationView.h; sourceTree = "<group>"; };
		E1B270361D72D89200A41480 /* YSCMatrixCircleAnimationView.m */ = {isa = PBXFileReference; fileEncoding = 4; lastKnownFileType = sourcecode.c.objc; path = YSCMatrixCircleAnimationView.m; sourceTree = "<group>"; };
		E1B270381D72E83900A41480 /* YSCCircleRippleView.h */ = {isa = PBXFileReference; fileEncoding = 4; lastKnownFileType = sourcecode.c.h; path = YSCCircleRippleView.h; sourceTree = "<group>"; };
		E1B270391D72E83900A41480 /* YSCCircleRippleView.m */ = {isa = PBXFileReference; fileEncoding = 4; lastKnownFileType = sourcecode.c.objc; path = YSCCircleRippleView.m; sourceTree = "<group>"; };
/* End PBXFileReference section */

/* Begin PBXFrameworksBuildPhase section */
		1AED82F91D6A899B009A80CE /* Frameworks */ = {
			isa = PBXFrameworksBuildPhase;
			buildActionMask = 2147483647;
			files = (
			);
			runOnlyForDeploymentPostprocessing = 0;
		};
		1AED83121D6A899B009A80CE /* Frameworks */ = {
			isa = PBXFrameworksBuildPhase;
			buildActionMask = 2147483647;
			files = (
			);
			runOnlyForDeploymentPostprocessing = 0;
		};
		1AED831D1D6A899B009A80CE /* Frameworks */ = {
			isa = PBXFrameworksBuildPhase;
			buildActionMask = 2147483647;
			files = (
			);
			runOnlyForDeploymentPostprocessing = 0;
		};
/* End PBXFrameworksBuildPhase section */

/* Begin PBXGroup section */
		1AD551521DD1D16000B3EDCD /* LoadGif */ = {
			isa = PBXGroup;
			children = (
				1AD5515C1DD1D27600B3EDCD /* YSCGifLoadImage.h */,
				1AD5515D1DD1D27600B3EDCD /* YSCGifLoadImage.m */,
				1AD5515E1DD1D27600B3EDCD /* YSCGifLoadImageView.h */,
				1AD5515F1DD1D27600B3EDCD /* YSCGifLoadImageView.m */,
			);
			path = LoadGif;
			sourceTree = "<group>";
		};
		1AD551591DD1D1DD00B3EDCD /* LoadGif */ = {
			isa = PBXGroup;
			children = (
				1AD5515A1DD1D1F400B3EDCD /* sw3.gif */,
			);
			name = LoadGif;
			sourceTree = "<group>";
		};
		1AD551621DD1FB7000B3EDCD /* heartBeatPulse */ = {
			isa = PBXGroup;
			children = (
				1AD551631DD1FBB700B3EDCD /* YSCHeartBeatPulseView.h */,
				1AD551641DD1FBB700B3EDCD /* YSCHeartBeatPulseView.m */,
			);
			path = heartBeatPulse;
			sourceTree = "<group>";
		};
		1AEBED421E6599CB00539620 /* Demo controllers */ = {
			isa = PBXGroup;
			children = (
				1AEBED441E6599CB00539620 /* custom */,
				1AEBED471E6599CB00539620 /* custom wave */,
				1AEBED4A1E6599CB00539620 /* emitter */,
				1AEBED511E6599CB00539620 /* heartBeatPulse */,
				1AEBED541E6599CB00539620 /* LoadGif */,
				1AEBED571E6599CB00539620 /* maskAnimation */,
				1AEBED601E6599CB00539620 /* replicator */,
				1AEBED671E6599CB00539620 /* ripple */,
				1AEBED6A1E6599CB00539620 /* seawater */,
				1AEBED6E1E6599CB00539620 /* voice wave */,
				1AEBED711E6599CB00539620 /* water wave */,
				1AEBED431E6599CB00539620 /* carouselTitle */,
				1AEBED6D1E6599CB00539620 /* tableRefresh */,
			);
			path = "Demo controllers";
			sourceTree = "<group>";
		};
		1AEBED431E6599CB00539620 /* carouselTitle */ = {
			isa = PBXGroup;
			children = (
				1AEBED891E659A7A00539620 /* YSCCarouselTitleViewController.h */,
				1AEBED8A1E659A7A00539620 /* YSCCarouselTitleViewController.m */,
			);
			path = carouselTitle;
			sourceTree = "<group>";
		};
		1AEBED441E6599CB00539620 /* custom */ = {
			isa = PBXGroup;
			children = (
				1AEBED451E6599CB00539620 /* YSCLayerAnimationViewController.h */,
				1AEBED461E6599CB00539620 /* YSCLayerAnimationViewController.m */,
			);
			path = custom;
			sourceTree = "<group>";
		};
		1AEBED471E6599CB00539620 /* custom wave */ = {
			isa = PBXGroup;
			children = (
				1AEBED481E6599CB00539620 /* YSCWaveAnimationViewController.h */,
				1AEBED491E6599CB00539620 /* YSCWaveAnimationViewController.m */,
			);
			path = "custom wave";
			sourceTree = "<group>";
		};
		1AEBED4A1E6599CB00539620 /* emitter */ = {
			isa = PBXGroup;
			children = (
				1AEBED4B1E6599CB00539620 /* YSCButterflyViewController.h */,
				1AEBED4C1E6599CB00539620 /* YSCButterflyViewController.m */,
				1AEBED4D1E6599CB00539620 /* YSCEmitterAnimationViewController.h */,
				1AEBED4E1E6599CB00539620 /* YSCEmitterAnimationViewController.m */,
				1AEBED4F1E6599CB00539620 /* YSCFireViewController.h */,
				1AEBED501E6599CB00539620 /* YSCFireViewController.m */,
			);
			path = emitter;
			sourceTree = "<group>";
		};
		1AEBED511E6599CB00539620 /* heartBeatPulse */ = {
			isa = PBXGroup;
			children = (
				1AEBED521E6599CB00539620 /* YSCHeartBeatPulseViewController.h */,
				1AEBED531E6599CB00539620 /* YSCHeartBeatPulseViewController.m */,
			);
			path = heartBeatPulse;
			sourceTree = "<group>";
		};
		1AEBED541E6599CB00539620 /* LoadGif */ = {
			isa = PBXGroup;
			children = (
				1AEBED551E6599CB00539620 /* YSCloadGifViewController.h */,
				1AEBED561E6599CB00539620 /* YSCloadGifViewController.m */,
			);
			path = LoadGif;
			sourceTree = "<group>";
		};
		1AEBED571E6599CB00539620 /* maskAnimation */ = {
			isa = PBXGroup;
			children = (
				1AEBED581E6599CB00539620 /* YSCCircleLoadAnimationViewController.h */,
				1AEBED591E6599CB00539620 /* YSCCircleLoadAnimationViewController.m */,
				1AEBED5A1E6599CB00539620 /* YSCFanshapedViewController.h */,
				1AEBED5B1E6599CB00539620 /* YSCFanshapedViewController.m */,
				1AEBED5C1E6599CB00539620 /* YSCMaskAnimationViewController.h */,
				1AEBED5D1E6599CB00539620 /* YSCMaskAnimationViewController.m */,
				1AEBED5E1E6599CB00539620 /* YSCMicrophoneWaveViewController.h */,
				1AEBED5F1E6599CB00539620 /* YSCMicrophoneWaveViewController.m */,
			);
			path = maskAnimation;
			sourceTree = "<group>";
		};
		1AEBED601E6599CB00539620 /* replicator */ = {
			isa = PBXGroup;
			children = (
				1AEBED611E6599CB00539620 /* YSCCircleReplicatorAnimationViewController.h */,
				1AEBED621E6599CB00539620 /* YSCCircleReplicatorAnimationViewController.m */,
				1AEBED631E6599CB00539620 /* YSCCircleRippleViewController.h */,
				1AEBED641E6599CB00539620 /* YSCCircleRippleViewController.m */,
				1AEBED651E6599CB00539620 /* YSCReplicatorAnimationViewController.h */,
				1AEBED661E6599CB00539620 /* YSCReplicatorAnimationViewController.m */,
			);
			path = replicator;
			sourceTree = "<group>";
		};
		1AEBED671E6599CB00539620 /* ripple */ = {
			isa = PBXGroup;
			children = (
				1AEBED681E6599CB00539620 /* YSCRippleAnimationViewController.h */,
				1AEBED691E6599CB00539620 /* YSCRippleAnimationViewController.m */,
			);
			path = ripple;
			sourceTree = "<group>";
		};
		1AEBED6A1E6599CB00539620 /* seawater */ = {
			isa = PBXGroup;
			children = (
				1AEBED6B1E6599CB00539620 /* YSCSeaWaterWaveViewController.h */,
				1AEBED6C1E6599CB00539620 /* YSCSeaWaterWaveViewController.m */,
			);
			path = seawater;
			sourceTree = "<group>";
		};
		1AEBED6D1E6599CB00539620 /* tableRefresh */ = {
			isa = PBXGroup;
			children = (
				1AEBED861E659A3400539620 /* YSCRefreshTableViewController.h */,
				1AEBED871E659A3400539620 /* YSCRefreshTableViewController.m */,
			);
			path = tableRefresh;
			sourceTree = "<group>";
		};
		1AEBED6E1E6599CB00539620 /* voice wave */ = {
			isa = PBXGroup;
			children = (
				1AEBED6F1E6599CB00539620 /* YSCVoiceWaveViewController.h */,
				1AEBED701E6599CB00539620 /* YSCVoiceWaveViewController.m */,
			);
			path = "voice wave";
			sourceTree = "<group>";
		};
		1AEBED711E6599CB00539620 /* water wave */ = {
			isa = PBXGroup;
			children = (
				1AEBED721E6599CB00539620 /* YSCWaterWaveViewController.h */,
				1AEBED731E6599CB00539620 /* YSCWaterWaveViewController.m */,
			);
			path = "water wave";
			sourceTree = "<group>";
		};
		1AEBED8C1E659AB100539620 /* carouselTitle */ = {
			isa = PBXGroup;
			children = (
				1AEBED8D1E659B1A00539620 /* YSCCarouselTitleView.h */,
				1AEBED8E1E659B1A00539620 /* YSCCarouselTitleView.m */,
			);
			path = carouselTitle;
			sourceTree = "<group>";
		};
		1AEBED901E659BD000539620 /* tableRefresh */ = {
			isa = PBXGroup;
			children = (
				1AEBEDA51E659EC400539620 /* UITableViewController+YSCRefresh.h */,
				1AEBEDA61E659EC400539620 /* UITableViewController+YSCRefresh.m */,
				1AEBED9B1E659BD000539620 /* YSCTableRefreshFooterView.h */,
				1AEBED9C1E659BD000539620 /* YSCTableRefreshFooterView.m */,
				1AEBED9D1E659BD000539620 /* YSCTableRefreshHeaderView.h */,
				1AEBED9E1E659BD000539620 /* YSCTableRefreshHeaderView.m */,
				1AEBED911E659BD000539620 /* CurveView */,
				1AEBED961E659BD000539620 /* LabelView */,
			);
			path = tableRefresh;
			sourceTree = "<group>";
		};
		1AEBED911E659BD000539620 /* CurveView */ = {
			isa = PBXGroup;
			children = (
				1AEBED921E659BD000539620 /* YSCTableRefreshCurveLayer.h */,
				1AEBED931E659BD000539620 /* YSCTableRefreshCurveLayer.m */,
				1AEBED941E659BD000539620 /* YSCTableRefreshCurveView.h */,
				1AEBED951E659BD000539620 /* YSCTableRefreshCurveView.m */,
			);
			path = CurveView;
			sourceTree = "<group>";
		};
		1AEBED961E659BD000539620 /* LabelView */ = {
			isa = PBXGroup;
			children = (
				1AEBED971E659BD000539620 /* YSCTableRefreshLabelView.h */,
				1AEBED981E659BD000539620 /* YSCTableRefreshLabelView.m */,
			);
			path = LabelView;
			sourceTree = "<group>";
		};
		1AED82F31D6A899B009A80CE = {
			isa = PBXGroup;
			children = (
				1AED82FE1D6A899B009A80CE /* YSCAnimationDemo */,
				1AED83181D6A899B009A80CE /* YSCAnimationDemoTests */,
				1AED83231D6A899B009A80CE /* YSCAnimationDemoUITests */,
				1AED82FD1D6A899B009A80CE /* Products */,
			);
			sourceTree = "<group>";
		};
		1AED82FD1D6A899B009A80CE /* Products */ = {
			isa = PBXGroup;
			children = (
				1AED82FC1D6A899B009A80CE /* YSCAnimationDemo.app */,
				1AED83151D6A899B009A80CE /* YSCAnimationDemoTests.xctest */,
				1AED83201D6A899B009A80CE /* YSCAnimationDemoUITests.xctest */,
			);
			name = Products;
			sourceTree = "<group>";
		};
		1AED82FE1D6A899B009A80CE /* YSCAnimationDemo */ = {
			isa = PBXGroup;
			children = (
				1AED83021D6A899B009A80CE /* AppDelegate.h */,
				1AED83031D6A899B009A80CE /* AppDelegate.m */,
				1AED83051D6A899B009A80CE /* ViewController.h */,
				1AED83061D6A899B009A80CE /* ViewController.m */,
				1AEBEDA81E65AD1300539620 /* YSCGlobleMethod.h */,
				1AEBEDA91E65AD1300539620 /* YSCGlobleMethod.m */,
				1AED83331D6A8AAF009A80CE /* YSCAnimationDemoViewController.h */,
				1AED83341D6A8AAF009A80CE /* YSCAnimationDemoViewController.m */,
				1AEBED421E6599CB00539620 /* Demo controllers */,
				1AED83321D6A89E1009A80CE /* YSCAnimation */,
				1AED833F1D6A8D66009A80CE /* Resource */,
				1AED830B1D6A899B009A80CE /* Assets.xcassets */,
				1AED83081D6A899B009A80CE /* Main.storyboard */,
				1AED830D1D6A899B009A80CE /* LaunchScreen.storyboard */,
				1AED83101D6A899B009A80CE /* Info.plist */,
				1AED82FF1D6A899B009A80CE /* Supporting Files */,
			);
			path = YSCAnimationDemo;
			sourceTree = "<group>";
		};
		1AED82FF1D6A899B009A80CE /* Supporting Files */ = {
			isa = PBXGroup;
			children = (
				1AED83001D6A899B009A80CE /* main.m */,
				1AEBEDAB1E665C9300539620 /* YSCAnimationDemoPrefixHeader.pch */,
			);
			name = "Supporting Files";
			sourceTree = "<group>";
		};
		1AED83181D6A899B009A80CE /* YSCAnimationDemoTests */ = {
			isa = PBXGroup;
			children = (
				1AED83191D6A899B009A80CE /* YSCAnimationDemoTests.m */,
				1AED831B1D6A899B009A80CE /* Info.plist */,
			);
			path = YSCAnimationDemoTests;
			sourceTree = "<group>";
		};
		1AED83231D6A899B009A80CE /* YSCAnimationDemoUITests */ = {
			isa = PBXGroup;
			children = (
				1AED83241D6A899B009A80CE /* YSCAnimationDemoUITests.m */,
				1AED83261D6A899B009A80CE /* Info.plist */,
			);
			path = YSCAnimationDemoUITests;
			sourceTree = "<group>";
		};
		1AED83321D6A89E1009A80CE /* YSCAnimation */ = {
			isa = PBXGroup;
			children = (
				1AED84051D6DD252009A80CE /* circleLoad */,
				1AED83FF1D6DBBCC009A80CE /* commonWave */,
				1AED83F61D6DBBA7009A80CE /* fanshaped */,
				1AED83F91D6DBBA7009A80CE /* ripple */,
				1AED83DD1D6D4499009A80CE /* voiceWave */,
				1AED83C81D6D43C4009A80CE /* microPhoneWave */,
				1AED83DE1D6D8E02009A80CE /* waterWave */,
				1AED83E51D6D9D10009A80CE /* seaWaterWave */,
				E1B270341D72D66D00A41480 /* replicator */,
				1AD551521DD1D16000B3EDCD /* LoadGif */,
				1AD551621DD1FB7000B3EDCD /* heartBeatPulse */,
				1AEBED8C1E659AB100539620 /* carouselTitle */,
				1AEBED901E659BD000539620 /* tableRefresh */,
			);
			name = YSCAnimation;
			path = ../../YSCAnimation;
			sourceTree = "<group>";
		};
		1AED833F1D6A8D66009A80CE /* Resource */ = {
			isa = PBXGroup;
			children = (
				1AD551591DD1D1DD00B3EDCD /* LoadGif */,
				1AED83F21D6DBAED009A80CE /* microphoneWave */,
				1AED83BC1D6D4329009A80CE /* voiceWave */,
				1AED84191D6EDB03009A80CE /* fire.png */,
				1AED84261D6EE558009A80CE /* butterfly1.png */,
				1AED84271D6EE558009A80CE /* butterfly2.png */,
				E1660EC71D8D55BE008D3334 /* tree.jpg */,
				1AED841B1D6EE0FC009A80CE /* music.png */,
				1AED84031D6DCE13009A80CE /* fanshaped.jpg */,
			);
			path = Resource;
			sourceTree = "<group>";
		};
		1AED83BC1D6D4329009A80CE /* voiceWave */ = {
			isa = PBXGroup;
			children = (
				1AED83BD1D6D434A009A80CE /* circleBackground.png */,
				1AED83BE1D6D434A009A80CE /* fill.png */,
				1AED83BF1D6D434A009A80CE /* firstLine.png */,
				1AED83C01D6D434A009A80CE /* maskImage.png */,
				1AED83C11D6D434A009A80CE /* secondLine.png */,
			);
			name = voiceWave;
			sourceTree = "<group>";
		};
		1AED83C81D6D43C4009A80CE /* microPhoneWave */ = {
			isa = PBXGroup;
			children = (
				1AED83C91D6D43D4009A80CE /* YSCMicrophoneWaveView.h */,
				1AED83CA1D6D43D4009A80CE /* YSCMicrophoneWaveView.m */,
			);
			name = microPhoneWave;
			sourceTree = "<group>";
		};
		1AED83DD1D6D4499009A80CE /* voiceWave */ = {
			isa = PBXGroup;
			children = (
				1AED83D41D6D4482009A80CE /* YSCVoiceLoadingCircleView.h */,
				1AED83D51D6D4482009A80CE /* YSCVoiceLoadingCircleView.m */,
				1AED83D61D6D4482009A80CE /* YSCVoiceWaveView.h */,
				1AED83D71D6D4482009A80CE /* YSCVoiceWaveView.m */,
				1A46E6A21D7D8AC000C11542 /* YSCNewVoiceWaveView.h */,
				1A46E6A31D7D8AC000C11542 /* YSCNewVoiceWaveView.m */,
				1AED83D81D6D4482009A80CE /* YSCVolumeQueue.h */,
				1AED83D91D6D4482009A80CE /* YSCVolumeQueue.m */,
			);
			name = voiceWave;
			sourceTree = "<group>";
		};
		1AED83DE1D6D8E02009A80CE /* waterWave */ = {
			isa = PBXGroup;
			children = (
				1AED83DF1D6D8E02009A80CE /* YSCWaterWaveView.h */,
				1AED83E01D6D8E02009A80CE /* YSCWaterWaveView.m */,
			);
			path = waterWave;
			sourceTree = "<group>";
		};
		1AED83E51D6D9D10009A80CE /* seaWaterWave */ = {
			isa = PBXGroup;
			children = (
				1AED83E91D6D9D10009A80CE /* YSCSeaGLView.h */,
				1AED83EA1D6D9D10009A80CE /* YSCSeaGLView.m */,
				1AED83E61D6D9D10009A80CE /* Shaders */,
			);
			path = seaWaterWave;
			sourceTree = "<group>";
		};
		1AED83E61D6D9D10009A80CE /* Shaders */ = {
			isa = PBXGroup;
			children = (
				1AED83E71D6D9D10009A80CE /* SeaFragment.glsl */,
				1AED83E81D6D9D10009A80CE /* SeaVertex.glsl */,
			);
			path = Shaders;
			sourceTree = "<group>";
		};
		1AED83F21D6DBAED009A80CE /* microphoneWave */ = {
			isa = PBXGroup;
			children = (
				1AED83CC1D6D4420009A80CE /* microPhone_bottom@2x.png */,
				1AED83CD1D6D4420009A80CE /* microPhone_bottom@3x.png */,
				1AED83CE1D6D4420009A80CE /* microPhone_top@2x.png */,
				1AED83CF1D6D4420009A80CE /* microPhone_top@3x.png */,
			);
			name = microphoneWave;
			sourceTree = "<group>";
		};
		1AED83F61D6DBBA7009A80CE /* fanshaped */ = {
			isa = PBXGroup;
			children = (
				1AED83F71D6DBBA7009A80CE /* YSCFanShapedView.h */,
				1AED83F81D6DBBA7009A80CE /* YSCFanShapedView.m */,
			);
			path = fanshaped;
			sourceTree = "<group>";
		};
		1AED83F91D6DBBA7009A80CE /* ripple */ = {
			isa = PBXGroup;
			children = (
				1AED83FA1D6DBBA7009A80CE /* YSCRippleView.h */,
				1AED83FB1D6DBBA7009A80CE /* YSCRippleView.m */,
			);
			path = ripple;
			sourceTree = "<group>";
		};
		1AED83FF1D6DBBCC009A80CE /* commonWave */ = {
			isa = PBXGroup;
			children = (
				1AED84001D6DBBCC009A80CE /* YSCWaveView.h */,
				1AED84011D6DBBCC009A80CE /* YSCWaveView.m */,
			);
			path = commonWave;
			sourceTree = "<group>";
		};
		1AED84051D6DD252009A80CE /* circleLoad */ = {
			isa = PBXGroup;
			children = (
				1AED84061D6DD252009A80CE /* YSCCircleLoadAnimationView.h */,
				1AED84071D6DD252009A80CE /* YSCCircleLoadAnimationView.m */,
			);
			path = circleLoad;
			sourceTree = "<group>";
		};
		E1B270341D72D66D00A41480 /* replicator */ = {
			isa = PBXGroup;
			children = (
				E1B270351D72D89200A41480 /* YSCMatrixCircleAnimationView.h */,
				E1B270361D72D89200A41480 /* YSCMatrixCircleAnimationView.m */,
				E1B270381D72E83900A41480 /* YSCCircleRippleView.h */,
				E1B270391D72E83900A41480 /* YSCCircleRippleView.m */,
			);
			path = replicator;
			sourceTree = "<group>";
		};
/* End PBXGroup section */

/* Begin PBXNativeTarget section */
		1AED82FB1D6A899B009A80CE /* YSCAnimationDemo */ = {
			isa = PBXNativeTarget;
			buildConfigurationList = 1AED83291D6A899B009A80CE /* Build configuration list for PBXNativeTarget "YSCAnimationDemo" */;
			buildPhases = (
				1AED82F81D6A899B009A80CE /* Sources */,
				1AED82F91D6A899B009A80CE /* Frameworks */,
				1AED82FA1D6A899B009A80CE /* Resources */,
			);
			buildRules = (
			);
			dependencies = (
			);
			name = YSCAnimationDemo;
			productName = YSCAnimationDemo;
			productReference = 1AED82FC1D6A899B009A80CE /* YSCAnimationDemo.app */;
			productType = "com.apple.product-type.application";
		};
		1AED83141D6A899B009A80CE /* YSCAnimationDemoTests */ = {
			isa = PBXNativeTarget;
			buildConfigurationList = 1AED832C1D6A899B009A80CE /* Build configuration list for PBXNativeTarget "YSCAnimationDemoTests" */;
			buildPhases = (
				1AED83111D6A899B009A80CE /* Sources */,
				1AED83121D6A899B009A80CE /* Frameworks */,
				1AED83131D6A899B009A80CE /* Resources */,
			);
			buildRules = (
			);
			dependencies = (
				1AED83171D6A899B009A80CE /* PBXTargetDependency */,
			);
			name = YSCAnimationDemoTests;
			productName = YSCAnimationDemoTests;
			productReference = 1AED83151D6A899B009A80CE /* YSCAnimationDemoTests.xctest */;
			productType = "com.apple.product-type.bundle.unit-test";
		};
		1AED831F1D6A899B009A80CE /* YSCAnimationDemoUITests */ = {
			isa = PBXNativeTarget;
			buildConfigurationList = 1AED832F1D6A899B009A80CE /* Build configuration list for PBXNativeTarget "YSCAnimationDemoUITests" */;
			buildPhases = (
				1AED831C1D6A899B009A80CE /* Sources */,
				1AED831D1D6A899B009A80CE /* Frameworks */,
				1AED831E1D6A899B009A80CE /* Resources */,
			);
			buildRules = (
			);
			dependencies = (
				1AED83221D6A899B009A80CE /* PBXTargetDependency */,
			);
			name = YSCAnimationDemoUITests;
			productName = YSCAnimationDemoUITests;
			productReference = 1AED83201D6A899B009A80CE /* YSCAnimationDemoUITests.xctest */;
			productType = "com.apple.product-type.bundle.ui-testing";
		};
/* End PBXNativeTarget section */

/* Begin PBXProject section */
		1AED82F41D6A899B009A80CE /* Project object */ = {
			isa = PBXProject;
			attributes = {
				LastUpgradeCheck = 0730;
				ORGANIZATIONNAME = YSC;
				TargetAttributes = {
					1AED82FB1D6A899B009A80CE = {
						CreatedOnToolsVersion = 7.3.1;
						DevelopmentTeam = WGHV9XATHS;
					};
					1AED83141D6A899B009A80CE = {
						CreatedOnToolsVersion = 7.3.1;
						DevelopmentTeam = SWVDH7MY4N;
						TestTargetID = 1AED82FB1D6A899B009A80CE;
					};
					1AED831F1D6A899B009A80CE = {
						CreatedOnToolsVersion = 7.3.1;
						DevelopmentTeam = SWVDH7MY4N;
						TestTargetID = 1AED82FB1D6A899B009A80CE;
					};
				};
			};
			buildConfigurationList = 1AED82F71D6A899B009A80CE /* Build configuration list for PBXProject "YSCAnimationDemo" */;
			compatibilityVersion = "Xcode 3.2";
			developmentRegion = English;
			hasScannedForEncodings = 0;
			knownRegions = (
				en,
				Base,
			);
			mainGroup = 1AED82F31D6A899B009A80CE;
			productRefGroup = 1AED82FD1D6A899B009A80CE /* Products */;
			projectDirPath = "";
			projectRoot = "";
			targets = (
				1AED82FB1D6A899B009A80CE /* YSCAnimationDemo */,
				1AED83141D6A899B009A80CE /* YSCAnimationDemoTests */,
				1AED831F1D6A899B009A80CE /* YSCAnimationDemoUITests */,
			);
		};
/* End PBXProject section */

/* Begin PBXResourcesBuildPhase section */
		1AED82FA1D6A899B009A80CE /* Resources */ = {
			isa = PBXResourcesBuildPhase;
			buildActionMask = 2147483647;
			files = (
				1AED830F1D6A899B009A80CE /* LaunchScreen.storyboard in Resources */,
				1AED83C61D6D434A009A80CE /* secondLine.png in Resources */,
				1AED830C1D6A899B009A80CE /* Assets.xcassets in Resources */,
				1AED83C41D6D434A009A80CE /* firstLine.png in Resources */,
				1AED83EC1D6D9D10009A80CE /* SeaVertex.glsl in Resources */,
				1AED83C51D6D434A009A80CE /* maskImage.png in Resources */,
				1AED84041D6DCE13009A80CE /* fanshaped.jpg in Resources */,
				1AED84281D6EE558009A80CE /* butterfly1.png in Resources */,
				1AED84291D6EE558009A80CE /* butterfly2.png in Resources */,
				1AED841A1D6EDB03009A80CE /* fire.png in Resources */,
				1AED830A1D6A899B009A80CE /* Main.storyboard in Resources */,
				E1660EC81D8D55BE008D3334 /* tree.jpg in Resources */,
				1AED83C31D6D434A009A80CE /* fill.png in Resources */,
				1AED83C21D6D434A009A80CE /* circleBackground.png in Resources */,
				1AED841C1D6EE0FC009A80CE /* music.png in Resources */,
				1AED83EB1D6D9D10009A80CE /* SeaFragment.glsl in Resources */,
				1AED83D21D6D4420009A80CE /* microPhone_top@2x.png in Resources */,
				1AED83D01D6D4420009A80CE /* microPhone_bottom@2x.png in Resources */,
				1AD5515B1DD1D1F400B3EDCD /* sw3.gif in Resources */,
				1AED83D11D6D4420009A80CE /* microPhone_bottom@3x.png in Resources */,
				1AED83D31D6D4420009A80CE /* microPhone_top@3x.png in Resources */,
			);
			runOnlyForDeploymentPostprocessing = 0;
		};
		1AED83131D6A899B009A80CE /* Resources */ = {
			isa = PBXResourcesBuildPhase;
			buildActionMask = 2147483647;
			files = (
			);
			runOnlyForDeploymentPostprocessing = 0;
		};
		1AED831E1D6A899B009A80CE /* Resources */ = {
			isa = PBXResourcesBuildPhase;
			buildActionMask = 2147483647;
			files = (
			);
			runOnlyForDeploymentPostprocessing = 0;
		};
/* End PBXResourcesBuildPhase section */

/* Begin PBXSourcesBuildPhase section */
		1AED82F81D6A899B009A80CE /* Sources */ = {
			isa = PBXSourcesBuildPhase;
			buildActionMask = 2147483647;
			files = (
				1AED83CB1D6D43D4009A80CE /* YSCMicrophoneWaveView.m in Sources */,
				1AEBEDAA1E65AD1300539620 /* YSCGlobleMethod.m in Sources */,
				1A46E6A41D7D8AC000C11542 /* YSCNewVoiceWaveView.m in Sources */,
				1AEBEDA11E659BD000539620 /* YSCTableRefreshLabelView.m in Sources */,
				1AEBEDA71E659EC400539620 /* UITableViewController+YSCRefresh.m in Sources */,
				1AED83391D6A8AAF009A80CE /* YSCAnimationDemoViewController.m in Sources */,
				1AEBED791E6599CB00539620 /* YSCHeartBeatPulseViewController.m in Sources */,
				1AEBED761E6599CB00539620 /* YSCButterflyViewController.m in Sources */,
				1AED83FE1D6DBBA7009A80CE /* YSCRippleView.m in Sources */,
				1AD551601DD1D27600B3EDCD /* YSCGifLoadImage.m in Sources */,
				1AED83DA1D6D4482009A80CE /* YSCVoiceLoadingCircleView.m in Sources */,
				1AEBED9F1E659BD000539620 /* YSCTableRefreshCurveLayer.m in Sources */,
				1AED83DC1D6D4482009A80CE /* YSCVolumeQueue.m in Sources */,
				1AEBED7C1E6599CB00539620 /* YSCFanshapedViewController.m in Sources */,
				1AEBEDA31E659BD000539620 /* YSCTableRefreshFooterView.m in Sources */,
				1AEBED8B1E659A7A00539620 /* YSCCarouselTitleViewController.m in Sources */,
				1AEBEDA41E659BD000539620 /* YSCTableRefreshHeaderView.m in Sources */,
				1AEBED7D1E6599CB00539620 /* YSCMaskAnimationViewController.m in Sources */,
				1AEBED851E6599CB00539620 /* YSCWaterWaveViewController.m in Sources */,
				1AEBED781E6599CB00539620 /* YSCFireViewController.m in Sources */,
				1AEBED811E6599CB00539620 /* YSCReplicatorAnimationViewController.m in Sources */,
				1AED84021D6DBBCC009A80CE /* YSCWaveView.m in Sources */,
				E1B270371D72D89200A41480 /* YSCMatrixCircleAnimationView.m in Sources */,
				1AED83071D6A899B009A80CE /* ViewController.m in Sources */,
				1AEBED7B1E6599CB00539620 /* YSCCircleLoadAnimationViewController.m in Sources */,
				1AED83041D6A899B009A80CE /* AppDelegate.m in Sources */,
				1AEBED7E1E6599CB00539620 /* YSCMicrophoneWaveViewController.m in Sources */,
				1AEBEDA01E659BD000539620 /* YSCTableRefreshCurveView.m in Sources */,
				1AEBED831E6599CB00539620 /* YSCSeaWaterWaveViewController.m in Sources */,
				1AED84081D6DD252009A80CE /* YSCCircleLoadAnimationView.m in Sources */,
				1AED83ED1D6D9D10009A80CE /* YSCSeaGLView.m in Sources */,
				1AEBED771E6599CB00539620 /* YSCEmitterAnimationViewController.m in Sources */,
				1AEBED7A1E6599CB00539620 /* YSCloadGifViewController.m in Sources */,
				1AD551651DD1FBB700B3EDCD /* YSCHeartBeatPulseView.m in Sources */,
				1AEBED881E659A3400539620 /* YSCRefreshTableViewController.m in Sources */,
				1AED83E11D6D8E02009A80CE /* YSCWaterWaveView.m in Sources */,
				1AD551611DD1D27600B3EDCD /* YSCGifLoadImageView.m in Sources */,
				1AEBED841E6599CB00539620 /* YSCVoiceWaveViewController.m in Sources */,
				1AED83011D6A899B009A80CE /* main.m in Sources */,
				1AEBED741E6599CB00539620 /* YSCLayerAnimationViewController.m in Sources */,
				1AEBED8F1E659B1A00539620 /* YSCCarouselTitleView.m in Sources */,
				1AEBED751E6599CB00539620 /* YSCWaveAnimationViewController.m in Sources */,
				1AEBED7F1E6599CB00539620 /* YSCCircleReplicatorAnimationViewController.m in Sources */,
				1AED83FD1D6DBBA7009A80CE /* YSCFanShapedView.m in Sources */,
				1AEBED821E6599CB00539620 /* YSCRippleAnimationViewController.m in Sources */,
				E1B2703A1D72E83900A41480 /* YSCCircleRippleView.m in Sources */,
				1AEBED801E6599CB00539620 /* YSCCircleRippleViewController.m in Sources */,
				1AED83DB1D6D4482009A80CE /* YSCVoiceWaveView.m in Sources */,
			);
			runOnlyForDeploymentPostprocessing = 0;
		};
		1AED83111D6A899B009A80CE /* Sources */ = {
			isa = PBXSourcesBuildPhase;
			buildActionMask = 2147483647;
			files = (
				1AED831A1D6A899B009A80CE /* YSCAnimationDemoTests.m in Sources */,
			);
			runOnlyForDeploymentPostprocessing = 0;
		};
		1AED831C1D6A899B009A80CE /* Sources */ = {
			isa = PBXSourcesBuildPhase;
			buildActionMask = 2147483647;
			files = (
				1AED83251D6A899B009A80CE /* YSCAnimationDemoUITests.m in Sources */,
			);
			runOnlyForDeploymentPostprocessing = 0;
		};
/* End PBXSourcesBuildPhase section */

/* Begin PBXTargetDependency section */
		1AED83171D6A899B009A80CE /* PBXTargetDependency */ = {
			isa = PBXTargetDependency;
			target = 1AED82FB1D6A899B009A80CE /* YSCAnimationDemo */;
			targetProxy = 1AED83161D6A899B009A80CE /* PBXContainerItemProxy */;
		};
		1AED83221D6A899B009A80CE /* PBXTargetDependency */ = {
			isa = PBXTargetDependency;
			target = 1AED82FB1D6A899B009A80CE /* YSCAnimationDemo */;
			targetProxy = 1AED83211D6A899B009A80CE /* PBXContainerItemProxy */;
		};
/* End PBXTargetDependency section */

/* Begin PBXVariantGroup section */
		1AED83081D6A899B009A80CE /* Main.storyboard */ = {
			isa = PBXVariantGroup;
			children = (
				1AED83091D6A899B009A80CE /* Base */,
			);
			name = Main.storyboard;
			sourceTree = "<group>";
		};
		1AED830D1D6A899B009A80CE /* LaunchScreen.storyboard */ = {
			isa = PBXVariantGroup;
			children = (
				1AED830E1D6A899B009A80CE /* Base */,
			);
			name = LaunchScreen.storyboard;
			sourceTree = "<group>";
		};
/* End PBXVariantGroup section */

/* Begin XCBuildConfiguration section */
		1AED83271D6A899B009A80CE /* Debug */ = {
			isa = XCBuildConfiguration;
			buildSettings = {
				ALWAYS_SEARCH_USER_PATHS = NO;
				CLANG_ANALYZER_NONNULL = YES;
				CLANG_CXX_LANGUAGE_STANDARD = "gnu++0x";
				CLANG_CXX_LIBRARY = "libc++";
				CLANG_ENABLE_MODULES = YES;
				CLANG_ENABLE_OBJC_ARC = YES;
				CLANG_WARN_BOOL_CONVERSION = YES;
				CLANG_WARN_CONSTANT_CONVERSION = YES;
				CLANG_WARN_DIRECT_OBJC_ISA_USAGE = YES_ERROR;
				CLANG_WARN_EMPTY_BODY = YES;
				CLANG_WARN_ENUM_CONVERSION = YES;
				CLANG_WARN_INT_CONVERSION = YES;
				CLANG_WARN_OBJC_ROOT_CLASS = YES_ERROR;
				CLANG_WARN_UNREACHABLE_CODE = YES;
				CLANG_WARN__DUPLICATE_METHOD_MATCH = YES;
				"CODE_SIGN_IDENTITY[sdk=iphoneos*]" = "iPhone Developer";
				COPY_PHASE_STRIP = NO;
				DEBUG_INFORMATION_FORMAT = dwarf;
				ENABLE_STRICT_OBJC_MSGSEND = YES;
				ENABLE_TESTABILITY = YES;
				GCC_C_LANGUAGE_STANDARD = gnu99;
				GCC_DYNAMIC_NO_PIC = NO;
				GCC_NO_COMMON_BLOCKS = YES;
				GCC_OPTIMIZATION_LEVEL = 0;
				GCC_PREPROCESSOR_DEFINITIONS = (
					"DEBUG=1",
					"$(inherited)",
				);
				GCC_WARN_64_TO_32_BIT_CONVERSION = YES;
				GCC_WARN_ABOUT_RETURN_TYPE = YES_ERROR;
				GCC_WARN_UNDECLARED_SELECTOR = YES;
				GCC_WARN_UNINITIALIZED_AUTOS = YES_AGGRESSIVE;
				GCC_WARN_UNUSED_FUNCTION = YES;
				GCC_WARN_UNUSED_VARIABLE = YES;
				IPHONEOS_DEPLOYMENT_TARGET = 9.3;
				MTL_ENABLE_DEBUG_INFO = YES;
				ONLY_ACTIVE_ARCH = YES;
				SDKROOT = iphoneos;
				TARGETED_DEVICE_FAMILY = "1,2";
			};
			name = Debug;
		};
		1AED83281D6A899B009A80CE /* Release */ = {
			isa = XCBuildConfiguration;
			buildSettings = {
				ALWAYS_SEARCH_USER_PATHS = NO;
				CLANG_ANALYZER_NONNULL = YES;
				CLANG_CXX_LANGUAGE_STANDARD = "gnu++0x";
				CLANG_CXX_LIBRARY = "libc++";
				CLANG_ENABLE_MODULES = YES;
				CLANG_ENABLE_OBJC_ARC = YES;
				CLANG_WARN_BOOL_CONVERSION = YES;
				CLANG_WARN_CONSTANT_CONVERSION = YES;
				CLANG_WARN_DIRECT_OBJC_ISA_USAGE = YES_ERROR;
				CLANG_WARN_EMPTY_BODY = YES;
				CLANG_WARN_ENUM_CONVERSION = YES;
				CLANG_WARN_INT_CONVERSION = YES;
				CLANG_WARN_OBJC_ROOT_CLASS = YES_ERROR;
				CLANG_WARN_UNREACHABLE_CODE = YES;
				CLANG_WARN__DUPLICATE_METHOD_MATCH = YES;
				"CODE_SIGN_IDENTITY[sdk=iphoneos*]" = "iPhone Developer";
				COPY_PHASE_STRIP = NO;
				DEBUG_INFORMATION_FORMAT = "dwarf-with-dsym";
				ENABLE_NS_ASSERTIONS = NO;
				ENABLE_STRICT_OBJC_MSGSEND = YES;
				GCC_C_LANGUAGE_STANDARD = gnu99;
				GCC_NO_COMMON_BLOCKS = YES;
				GCC_WARN_64_TO_32_BIT_CONVERSION = YES;
				GCC_WARN_ABOUT_RETURN_TYPE = YES_ERROR;
				GCC_WARN_UNDECLARED_SELECTOR = YES;
				GCC_WARN_UNINITIALIZED_AUTOS = YES_AGGRESSIVE;
				GCC_WARN_UNUSED_FUNCTION = YES;
				GCC_WARN_UNUSED_VARIABLE = YES;
				IPHONEOS_DEPLOYMENT_TARGET = 9.3;
				MTL_ENABLE_DEBUG_INFO = NO;
				SDKROOT = iphoneos;
				TARGETED_DEVICE_FAMILY = "1,2";
				VALIDATE_PRODUCT = YES;
			};
			name = Release;
		};
		1AED832A1D6A899B009A80CE /* Debug */ = {
			isa = XCBuildConfiguration;
			buildSettings = {
				ASSETCATALOG_COMPILER_APPICON_NAME = AppIcon;
				CODE_SIGN_IDENTITY = "iPhone Developer";
				DEVELOPMENT_TEAM = WGHV9XATHS;
				GCC_PRECOMPILE_PREFIX_HEADER = YES;
				GCC_PREFIX_HEADER = YSCAnimationDemo/YSCAnimationDemoPrefixHeader.pch;
				INFOPLIST_FILE = YSCAnimationDemo/Info.plist;
				IPHONEOS_DEPLOYMENT_TARGET = 8.0;
				LD_RUNPATH_SEARCH_PATHS = "$(inherited) @executable_path/Frameworks";
				PRODUCT_BUNDLE_IDENTIFIER = com.baidu.YSCAnimationDemo;
				PRODUCT_NAME = "$(TARGET_NAME)";
				PROVISIONING_PROFILE = "e39d8101-63d0-44fd-9b95-87f6be106b5c";
				PROVISIONING_PROFILE_SPECIFIER = ljw0228;
			};
			name = Debug;
		};
		1AED832B1D6A899B009A80CE /* Release */ = {
			isa = XCBuildConfiguration;
			buildSettings = {
				ASSETCATALOG_COMPILER_APPICON_NAME = AppIcon;
				CODE_SIGN_IDENTITY = "iPhone Developer";
				DEVELOPMENT_TEAM = WGHV9XATHS;
				GCC_PRECOMPILE_PREFIX_HEADER = YES;
				GCC_PREFIX_HEADER = YSCAnimationDemo/YSCAnimationDemoPrefixHeader.pch;
				INFOPLIST_FILE = YSCAnimationDemo/Info.plist;
				IPHONEOS_DEPLOYMENT_TARGET = 8.0;
				LD_RUNPATH_SEARCH_PATHS = "$(inherited) @executable_path/Frameworks";
				PRODUCT_BUNDLE_IDENTIFIER = com.baidu.YSCAnimationDemo;
				PRODUCT_NAME = "$(TARGET_NAME)";
				PROVISIONING_PROFILE = "6e4d4a15-9329-4416-a6e1-d25b14973e10";
				PROVISIONING_PROFILE_SPECIFIER = liujiwei1020;
			};
			name = Release;
		};
		1AED832D1D6A899B009A80CE /* Debug */ = {
			isa = XCBuildConfiguration;
			buildSettings = {
				BUNDLE_LOADER = "$(TEST_HOST)";
				INFOPLIST_FILE = YSCAnimationDemoTests/Info.plist;
				LD_RUNPATH_SEARCH_PATHS = "$(inherited) @executable_path/Frameworks @loader_path/Frameworks";
				PRODUCT_BUNDLE_IDENTIFIER = com.baidu.YSCAnimationDemoTests;
				PRODUCT_NAME = "$(TARGET_NAME)";
				TEST_HOST = "$(BUILT_PRODUCTS_DIR)/YSCAnimationDemo.app/YSCAnimationDemo";
			};
			name = Debug;
		};
		1AED832E1D6A899B009A80CE /* Release */ = {
			isa = XCBuildConfiguration;
			buildSettings = {
				BUNDLE_LOADER = "$(TEST_HOST)";
				INFOPLIST_FILE = YSCAnimationDemoTests/Info.plist;
				LD_RUNPATH_SEARCH_PATHS = "$(inherited) @executable_path/Frameworks @loader_path/Frameworks";
				PRODUCT_BUNDLE_IDENTIFIER = com.baidu.YSCAnimationDemoTests;
				PRODUCT_NAME = "$(TARGET_NAME)";
				TEST_HOST = "$(BUILT_PRODUCTS_DIR)/YSCAnimationDemo.app/YSCAnimationDemo";
			};
			name = Release;
		};
		1AED83301D6A899B009A80CE /* Debug */ = {
			isa = XCBuildConfiguration;
			buildSettings = {
				INFOPLIST_FILE = YSCAnimationDemoUITests/Info.plist;
				LD_RUNPATH_SEARCH_PATHS = "$(inherited) @executable_path/Frameworks @loader_path/Frameworks";
				PRODUCT_BUNDLE_IDENTIFIER = com.baidu.YSCAnimationDemoUITests;
				PRODUCT_NAME = "$(TARGET_NAME)";
				TEST_TARGET_NAME = YSCAnimationDemo;
			};
			name = Debug;
		};
		1AED83311D6A899B009A80CE /* Release */ = {
			isa = XCBuildConfiguration;
			buildSettings = {
				INFOPLIST_FILE = YSCAnimationDemoUITests/Info.plist;
				LD_RUNPATH_SEARCH_PATHS = "$(inherited) @executable_path/Frameworks @loader_path/Frameworks";
				PRODUCT_BUNDLE_IDENTIFIER = com.baidu.YSCAnimationDemoUITests;
				PRODUCT_NAME = "$(TARGET_NAME)";
				TEST_TARGET_NAME = YSCAnimationDemo;
			};
			name = Release;
		};
/* End XCBuildConfiguration section */

/* Begin XCConfigurationList section */
		1AED82F71D6A899B009A80CE /* Build configuration list for PBXProject "YSCAnimationDemo" */ = {
			isa = XCConfigurationList;
			buildConfigurations = (
				1AED83271D6A899B009A80CE /* Debug */,
				1AED83281D6A899B009A80CE /* Release */,
			);
			defaultConfigurationIsVisible = 0;
			defaultConfigurationName = Release;
		};
		1AED83291D6A899B009A80CE /* Build configuration list for PBXNativeTarget "YSCAnimationDemo" */ = {
			isa = XCConfigurationList;
			buildConfigurations = (
				1AED832A1D6A899B009A80CE /* Debug */,
				1AED832B1D6A899B009A80CE /* Release */,
			);
			defaultConfigurationIsVisible = 0;
			defaultConfigurationName = Release;
		};
		1AED832C1D6A899B009A80CE /* Build configuration list for PBXNativeTarget "YSCAnimationDemoTests" */ = {
			isa = XCConfigurationList;
			buildConfigurations = (
				1AED832D1D6A899B009A80CE /* Debug */,
				1AED832E1D6A899B009A80CE /* Release */,
			);
			defaultConfigurationIsVisible = 0;
			defaultConfigurationName = Release;
		};
		1AED832F1D6A899B009A80CE /* Build configuration list for PBXNativeTarget "YSCAnimationDemoUITests" */ = {
			isa = XCConfigurationList;
			buildConfigurations = (
				1AED83301D6A899B009A80CE /* Debug */,
				1AED83311D6A899B009A80CE /* Release */,
			);
			defaultConfigurationIsVisible = 0;
			defaultConfigurationName = Release;
		};
/* End XCConfigurationList section */
	};
	rootObject = 1AED82F41D6A899B009A80CE /* Project object */;
}
